
Microsoft Visual Studio Solution File, Format Version 12.00
# Visual Studio Version 17
VisualStudioVersion = 17.10.34928.147
MinimumVisualStudioVersion = 10.0.40219.1
Project("{FAE04EC0-301F-11D3-BF4B-00C04F79EFBC}") = "BlazorTodo", "BlazorTodo\BlazorTodo.csproj", "{591EF547-E95D-40C9-8A80-86EC5D175B2E}"
EndProject
Global
	GlobalSection(SolutionConfigurationPlatforms) = preSolution
		Debug|Any CPU = Debug|Any CPU
		Release|Any CPU = Release|Any CPU
	EndGlobalSection
	GlobalSection(ProjectConfigurationPlatforms) = postSolution
		{591EF547-E95D-40C9-8A80-86EC5D175B2E}.Debug|Any CPU.ActiveCfg = Debug|Any CPU
		{591EF547-E95D-40C9-8A80-86EC5D175B2E}.Debug|Any CPU.Build.0 = Debug|Any CPU
		{591EF547-E95D-40C9-8A80-86EC5D175B2E}.Release|Any CPU.ActiveCfg = Release|Any CPU
		{591EF547-E95D-40C9-8A80-86EC5D175B2E}.Release|Any CPU.Build.0 = Release|Any CPU
	EndGlobalSection
	GlobalSection(SolutionProperties) = preSolution
		HideSolutionNode = FALSE
	EndGlobalSection
	GlobalSection(ExtensibilityGlobals) = postSolution
		SolutionGuid = {EB5BDFBD-D439-4616-BF91-993527B3969C}
	EndGlobalSection
EndGlobal
